
Microsoft Visual Studio Solution File, Format Version 12.00
# Visual Studio Version 17
VisualStudioVersion = 17.5.33516.290
MinimumVisualStudioVersion = 10.0.40219.1
Project("{FAE04EC0-301F-11D3-BF4B-00C04F79EFBC}") = "KJToCalorieConverter", "KJToCalorieConverter.csproj", "{1122EF9D-C9BB-4BE7-AD6F-E2787E1C8458}"
EndProject
Global
	GlobalSection(SolutionConfigurationPlatforms) = preSolution
		Debug|Any CPU = Debug|Any CPU
		Release|Any CPU = Release|Any CPU
	EndGlobalSection
	GlobalSection(ProjectConfigurationPlatforms) = postSolution
		{1122EF9D-C9BB-4BE7-AD6F-E2787E1C8458}.Debug|Any CPU.ActiveCfg = Debug|Any CPU
		{1122EF9D-C9BB-4BE7-AD6F-E2787E1C8458}.Debug|Any CPU.Build.0 = Debug|Any CPU
		{1122EF9D-C9BB-4BE7-AD6F-E2787E1C8458}.Debug|Any CPU.Deploy.0 = Debug|Any CPU
		{1122EF9D-C9BB-4BE7-AD6F-E2787E1C8458}.Release|Any CPU.ActiveCfg = Release|Any CPU
		{1122EF9D-C9BB-4BE7-AD6F-E2787E1C8458}.Release|Any CPU.Build.0 = Release|Any CPU
		{1122EF9D-C9BB-4BE7-AD6F-E2787E1C8458}.Release|Any CPU.Deploy.0 = Release|Any CPU
	EndGlobalSection
	GlobalSection(SolutionProperties) = preSolution
		HideSolutionNode = FALSE
	EndGlobalSection
	GlobalSection(ExtensibilityGlobals) = postSolution
		SolutionGuid = {B2D31F56-1B14-4A8B-9EB2-A921D28AE1D2}
	EndGlobalSection
EndGlobal
